# THIS IS AN AUTOGENERATED FILE. DO NOT EDIT THIS FILE DIRECTLY.
# yarn lockfile v1


hmacsha1@^1.0.0:
  version "1.0.0"
  resolved "https://registry.yarnpkg.com/hmacsha1/-/hmacsha1-1.0.0.tgz#c1b7ae03a4ea116348090af14f8148c12938a917"

js-base64@^2.4.8:
  version "2.4.8"
  resolved "https://registry.yarnpkg.com/js-base64/-/js-base64-2.4.8.tgz#57a9b130888f956834aa40c5b165ba59c758f033"

js-sha1@^0.6.0:
  version "0.6.0"
  resolved "https://registry.yarnpkg.com/js-sha1/-/js-sha1-0.6.0.tgz#adbee10f0e8e18aa07cdea807cf08e9183dbc7f9"

locutus@^2.0.9:
  version "2.0.9"
  resolved "https://registry.yarnpkg.com/locutus/-/locutus-2.0.9.tgz#e265af1e85fd19173e74386373888560783a02fc"

uuid@^3.3.2:
  version "3.3.2"
  resolved "https://registry.yarnpkg.com/uuid/-/uuid-3.3.2.tgz#1b4af4955eb3077c501c23872fc6513811587131"
